
Microsoft Visual Studio Solution File, Format Version 12.00
# Visual Studio 15
VisualStudioVersion = 15.0.28307.168
MinimumVisualStudioVersion = 10.0.40219.1
Project("{8BC9CEB8-8B4A-11D0-8D11-00A0C91BC942}") = "DDRDeviceInterface", "DDRDeviceInterface\DDRDeviceInterface.vcxproj", "{EBBD4B8C-BC93-491A-85B0-26DFEB744D60}"
EndProject
Project("{8BC9CEB8-8B4A-11D0-8D11-00A0C91BC942}") = "Test", "Test\Test.vcxproj", "{CDAB7888-D67C-4379-92A7-622611A809BB}"
EndProject
Global
	GlobalSection(SolutionConfigurationPlatforms) = preSolution
		Debug|x64 = Debug|x64
		Debug|x86 = Debug|x86
		Release|x64 = Release|x64
		Release|x86 = Release|x86
	EndGlobalSection
	GlobalSection(ProjectConfigurationPlatforms) = postSolution
		{EBBD4B8C-BC93-491A-85B0-26DFEB744D60}.Debug|x64.ActiveCfg = Debug|x64
		{EBBD4B8C-BC93-491A-85B0-26DFEB744D60}.Debug|x64.Build.0 = Debug|x64
		{EBBD4B8C-BC93-491A-85B0-26DFEB744D60}.Debug|x86.ActiveCfg = Debug|Win32
		{EBBD4B8C-BC93-491A-85B0-26DFEB744D60}.Debug|x86.Build.0 = Debug|Win32
		{EBBD4B8C-BC93-491A-85B0-26DFEB744D60}.Release|x64.ActiveCfg = Release|x64
		{EBBD4B8C-BC93-491A-85B0-26DFEB744D60}.Release|x64.Build.0 = Release|x64
		{EBBD4B8C-BC93-491A-85B0-26DFEB744D60}.Release|x86.ActiveCfg = Release|Win32
		{EBBD4B8C-BC93-491A-85B0-26DFEB744D60}.Release|x86.Build.0 = Release|Win32
		{CDAB7888-D67C-4379-92A7-622611A809BB}.Debug|x64.ActiveCfg = Debug|x64
		{CDAB7888-D67C-4379-92A7-622611A809BB}.Debug|x64.Build.0 = Debug|x64
		{CDAB7888-D67C-4379-92A7-622611A809BB}.Debug|x86.ActiveCfg = Debug|Win32
		{CDAB7888-D67C-4379-92A7-622611A809BB}.Debug|x86.Build.0 = Debug|Win32
		{CDAB7888-D67C-4379-92A7-622611A809BB}.Release|x64.ActiveCfg = Release|x64
		{CDAB7888-D67C-4379-92A7-622611A809BB}.Release|x64.Build.0 = Release|x64
		{CDAB7888-D67C-4379-92A7-622611A809BB}.Release|x86.ActiveCfg = Release|Win32
		{CDAB7888-D67C-4379-92A7-622611A809BB}.Release|x86.Build.0 = Release|Win32
	EndGlobalSection
	GlobalSection(SolutionProperties) = preSolution
		HideSolutionNode = FALSE
	EndGlobalSection
	GlobalSection(ExtensibilityGlobals) = postSolution
		SolutionGuid = {B7870C48-4327-4B7A-9781-145FEC96E216}
	EndGlobalSection
EndGlobal
