<?xml version="1.0" encoding="utf-8"?>
<Project ToolsVersion="4.0" xmlns="http://schemas.microsoft.com/developer/msbuild/2003">
  <ItemGroup>
    <Filter Include="Source Files">
      <UniqueIdentifier>{4FC737F1-C7A5-4376-A066-2A32D752A2FF}</UniqueIdentifier>
      <Extensions>cpp;c;cc;cxx;def;odl;idl;hpj;bat;asm;asmx</Extensions>
    </Filter>
    <Filter Include="Header Files">
      <UniqueIdentifier>{93995380-89BD-4b04-88EB-625FBE52EBFB}</UniqueIdentifier>
      <Extensions>h;hh;hpp;hxx;hm;inl;inc;ipp;xsd</Extensions>
    </Filter>
    <Filter Include="CommonDef">
      <UniqueIdentifier>{3a774873-4265-4c59-974a-9626771e7684}</UniqueIdentifier>
    </Filter>
    <Filter Include="Embedded">
      <UniqueIdentifier>{eb8d4d44-b40d-490a-bd83-179ac508eae5}</UniqueIdentifier>
    </Filter>
    <Filter Include="LocalNetworkNode">
      <UniqueIdentifier>{3c78618a-c3b7-43e2-ad44-41d447e48c19}</UniqueIdentifier>
    </Filter>
    <Filter Include="LocalNetworkNode\Impl">
      <UniqueIdentifier>{54e38d13-f477-414a-9a0a-4354644dd536}</UniqueIdentifier>
    </Filter>
    <Filter Include="CommLib">
      <UniqueIdentifier>{1cdee91e-29f5-4a2c-b37a-adc002076d8c}</UniqueIdentifier>
    </Filter>
    <Filter Include="LidarSDK">
      <UniqueIdentifier>{9a6ee64d-d9d3-4816-af29-378b099a762f}</UniqueIdentifier>
    </Filter>
    <Filter Include="LidarSDK\CheveningSrc">
      <UniqueIdentifier>{30e1210f-9835-4822-b360-ea901c4f3514}</UniqueIdentifier>
    </Filter>
    <Filter Include="Device">
      <UniqueIdentifier>{d75d1670-6553-43da-9dfd-712eff91c963}</UniqueIdentifier>
    </Filter>
    <Filter Include="LidarSDK\SickSDK">
      <UniqueIdentifier>{020a415d-3f40-4fff-9b13-f7c05690e2a3}</UniqueIdentifier>
    </Filter>
    <Filter Include="CommPublicFun">
      <UniqueIdentifier>{4eed0cf8-2584-4f3b-be28-e3fa50791adf}</UniqueIdentifier>
    </Filter>
    <Filter Include="Shared">
      <UniqueIdentifier>{424c9587-be15-428b-b2ee-f7e431398bb2}</UniqueIdentifier>
    </Filter>
    <Filter Include="Shared\Thirdparty">
      <UniqueIdentifier>{eb65633f-8de7-4b03-8682-78941093aba8}</UniqueIdentifier>
    </Filter>
    <Filter Include="Shared\utility">
      <UniqueIdentifier>{7f0cbef4-c9af-4cfb-99ef-8a9269655218}</UniqueIdentifier>
    </Filter>
    <Filter Include="Shared\Thirdparty\cppfs">
      <UniqueIdentifier>{4eb38edc-932d-460d-bfa1-d17fcfb0bc90}</UniqueIdentifier>
    </Filter>
    <Filter Include="Shared\Thirdparty\cppfs\windows">
      <UniqueIdentifier>{3b244993-0997-41bd-a7bc-2dc04ed3613d}</UniqueIdentifier>
    </Filter>
  </ItemGroup>
  <ItemGroup>
    <ClInclude Include="stdafx.h">
      <Filter>Header Files</Filter>
    </ClInclude>
    <ClInclude Include="targetver.h">
      <Filter>Header Files</Filter>
    </ClInclude>
    <ClInclude Include="CommonDef\CommonDef.h">
      <Filter>CommonDef</Filter>
    </ClInclude>
    <ClInclude Include="CommonDef\CommonDefFunc.h">
      <Filter>CommonDef</Filter>
    </ClInclude>
    <ClInclude Include="CommonDef\DeleteUnwrapper.h">
      <Filter>CommonDef</Filter>
    </ClInclude>
    <ClInclude Include="CommonDef\sys_configurations.h">
      <Filter>CommonDef</Filter>
    </ClInclude>
    <ClInclude Include="CommonDef\Types.h">
      <Filter>CommonDef</Filter>
    </ClInclude>
    <ClInclude Include="Embedded\DDREmbConfig.h">
      <Filter>Embedded</Filter>
    </ClInclude>
    <ClInclude Include="Embedded\EmbServer.h">
      <Filter>Embedded</Filter>
    </ClInclude>
    <ClInclude Include="Embedded\EmbUser.h">
      <Filter>Embedded</Filter>
    </ClInclude>
    <ClInclude Include="Embedded\EmbUserBase.h">
      <Filter>Embedded</Filter>
    </ClInclude>
    <ClInclude Include="Embedded\GNSSAnalyzer.h">
      <Filter>Embedded</Filter>
    </ClInclude>
    <ClInclude Include="Embedded\SerialPortIOHandler.h">
      <Filter>Embedded</Filter>
    </ClInclude>
    <ClInclude Include="LocalNetworkNode\LNNFactory.h">
      <Filter>LocalNetworkNode</Filter>
    </ClInclude>
    <ClInclude Include="LocalNetworkNode\LNNNodeGroup.h">
      <Filter>LocalNetworkNode</Filter>
    </ClInclude>
    <ClInclude Include="LocalNetworkNode\Impl\ClientBase.h">
      <Filter>LocalNetworkNode\Impl</Filter>
    </ClInclude>
    <ClInclude Include="LocalNetworkNode\Impl\DefaultConfig.h">
      <Filter>LocalNetworkNode\Impl</Filter>
    </ClInclude>
    <ClInclude Include="LocalNetworkNode\Impl\LocalNodeGroup.h">
      <Filter>LocalNetworkNode\Impl</Filter>
    </ClInclude>
    <ClInclude Include="LocalNetworkNode\Impl\MIMC.h">
      <Filter>LocalNetworkNode\Impl</Filter>
    </ClInclude>
    <ClInclude Include="LocalNetworkNode\Impl\ServerBase.h">
      <Filter>LocalNetworkNode\Impl</Filter>
    </ClInclude>
    <ClInclude Include="LocalNetworkNode\Impl\SocketWrapper.h">
      <Filter>LocalNetworkNode\Impl</Filter>
    </ClInclude>
    <ClInclude Include="LocalNetworkNode\Impl\TCPClient.h">
      <Filter>LocalNetworkNode\Impl</Filter>
    </ClInclude>
    <ClInclude Include="LocalNetworkNode\Impl\TCPServer.h">
      <Filter>LocalNetworkNode\Impl</Filter>
    </ClInclude>
    <ClInclude Include="LocalNetworkNode\Impl\UDPClient.h">
      <Filter>LocalNetworkNode\Impl</Filter>
    </ClInclude>
    <ClInclude Include="LocalNetworkNode\Impl\UDPServer.h">
      <Filter>LocalNetworkNode\Impl</Filter>
    </ClInclude>
    <ClInclude Include="CommLib\CommLibFactory.h">
      <Filter>CommLib</Filter>
    </ClInclude>
    <ClInclude Include="CommLib\CommLibInterface.h">
      <Filter>CommLib</Filter>
    </ClInclude>
    <ClInclude Include="CommLib\FrameSliceConsumer.h">
      <Filter>CommLib</Filter>
    </ClInclude>
    <ClInclude Include="CommLib\FrameSliceGenerator.h">
      <Filter>CommLib</Filter>
    </ClInclude>
    <ClInclude Include="DeleteUnwrapper.h">
      <Filter>Header Files</Filter>
    </ClInclude>
    <ClInclude Include="LidarSDK\AkuLidar.h">
      <Filter>LidarSDK</Filter>
    </ClInclude>
    <ClInclude Include="LidarSDK\CheveningSrc\BlockRingBuf.h">
      <Filter>LidarSDK\CheveningSrc</Filter>
    </ClInclude>
    <ClInclude Include="LidarSDK\CheveningSrc\common.h">
      <Filter>LidarSDK\CheveningSrc</Filter>
    </ClInclude>
    <ClInclude Include="LidarSDK\CheveningSrc\Lidar.h">
      <Filter>LidarSDK\CheveningSrc</Filter>
    </ClInclude>
    <ClInclude Include="LidarSDK\CheveningSrc\LidarComm.h">
      <Filter>LidarSDK\CheveningSrc</Filter>
    </ClInclude>
    <ClInclude Include="LidarSDK\CheveningSrc\LidarImpl.h">
      <Filter>LidarSDK\CheveningSrc</Filter>
    </ClInclude>
    <ClInclude Include="LidarSDK\CheveningSrc\LidarList.h">
      <Filter>LidarSDK\CheveningSrc</Filter>
    </ClInclude>
    <ClInclude Include="LidarSDK\CheveningSrc\LidarProbe.h">
      <Filter>LidarSDK\CheveningSrc</Filter>
    </ClInclude>
    <ClInclude Include="LidarSDK\CheveningSrc\LidarSDK_errno.h">
      <Filter>LidarSDK\CheveningSrc</Filter>
    </ClInclude>
    <ClInclude Include="LidarSDK\CheveningSrc\lim.h">
      <Filter>LidarSDK\CheveningSrc</Filter>
    </ClInclude>
    <ClInclude Include="LidarSDK\CheveningSrc\RingBuf.h">
      <Filter>LidarSDK\CheveningSrc</Filter>
    </ClInclude>
    <ClInclude Include="Device\DeviceManager.h">
      <Filter>Device</Filter>
    </ClInclude>
    <ClInclude Include="LidarSDK\SickSDK\SickLidar.h">
      <Filter>LidarSDK\SickSDK</Filter>
    </ClInclude>
    <ClInclude Include="Device\DataFormat.h">
      <Filter>Device</Filter>
    </ClInclude>
    <ClInclude Include="Device\OffsetCorrector.h">
      <Filter>Device</Filter>
    </ClInclude>
    <ClInclude Include="Device\IMUWheelConverter.h">
      <Filter>Device</Filter>
    </ClInclude>
    <ClInclude Include="CommPublicFun\CommPublicFun.h">
      <Filter>CommPublicFun</Filter>
    </ClInclude>
    <ClInclude Include="..\..\..\..\Shared\src\Utility\CommonFunc.h">
      <Filter>Shared\utility</Filter>
    </ClInclude>
    <ClInclude Include="..\..\..\..\Shared\src\Utility\Logger.h">
      <Filter>Shared\utility</Filter>
    </ClInclude>
    <ClInclude Include="include\DDRDeviceFactory.h">
      <Filter>Header Files</Filter>
    </ClInclude>
    <ClInclude Include="include\DDRDeviceInterface.h">
      <Filter>Header Files</Filter>
    </ClInclude>
    <ClInclude Include="include\DataFormat.h">
      <Filter>Header Files</Filter>
    </ClInclude>
    <ClInclude Include="include\DDRDeviceChargingRelated.h">
      <Filter>Header Files</Filter>
    </ClInclude>
    <ClInclude Include="include\DDRDeviceCommData.h">
      <Filter>Header Files</Filter>
    </ClInclude>
    <ClInclude Include="include\DDRDeviceControlMoveNormal.h">
      <Filter>Header Files</Filter>
    </ClInclude>
    <ClInclude Include="include\DDRDeviceEmbStatus.h">
      <Filter>Header Files</Filter>
    </ClInclude>
    <ClInclude Include="include\DDRDeviceEnvironment.h">
      <Filter>Header Files</Filter>
    </ClInclude>
    <ClInclude Include="include\DDRDeviceGnss.h">
      <Filter>Header Files</Filter>
    </ClInclude>
    <ClInclude Include="include\DDRDeviceIMU.h">
      <Filter>Header Files</Filter>
    </ClInclude>
    <ClInclude Include="include\DDRDeviceLidar.h">
      <Filter>Header Files</Filter>
    </ClInclude>
    <ClInclude Include="include\DDRDeviceMotor.h">
      <Filter>Header Files</Filter>
    </ClInclude>
    <ClInclude Include="include\DDRDeviceTypeBase.h">
      <Filter>Header Files</Filter>
    </ClInclude>
  </ItemGroup>
  <ItemGroup>
    <ClCompile Include="stdafx.cpp">
      <Filter>Source Files</Filter>
    </ClCompile>
    <ClCompile Include="DDRDeviceInterface.cpp">
      <Filter>Source Files</Filter>
    </ClCompile>
    <ClCompile Include="dllmain.cpp">
      <Filter>Source Files</Filter>
    </ClCompile>
    <ClCompile Include="CommonDef\CommonDefFunc.cpp">
      <Filter>CommonDef</Filter>
    </ClCompile>
    <ClCompile Include="Embedded\EmbServer.cpp">
      <Filter>Embedded</Filter>
    </ClCompile>
    <ClCompile Include="Embedded\EmbUser.cpp">
      <Filter>Embedded</Filter>
    </ClCompile>
    <ClCompile Include="Embedded\EmbUserBase.cpp">
      <Filter>Embedded</Filter>
    </ClCompile>
    <ClCompile Include="Embedded\GNSSAnalyzer.cpp">
      <Filter>Embedded</Filter>
    </ClCompile>
    <ClCompile Include="Embedded\SerialPortIOHandler.cpp">
      <Filter>Embedded</Filter>
    </ClCompile>
    <ClCompile Include="LocalNetworkNode\Impl\ClientBase.cpp">
      <Filter>LocalNetworkNode\Impl</Filter>
    </ClCompile>
    <ClCompile Include="LocalNetworkNode\Impl\IMPL.cpp">
      <Filter>LocalNetworkNode\Impl</Filter>
    </ClCompile>
    <ClCompile Include="LocalNetworkNode\Impl\LocalNodeGroup.cpp">
      <Filter>LocalNetworkNode\Impl</Filter>
    </ClCompile>
    <ClCompile Include="LocalNetworkNode\Impl\MIMC.cpp">
      <Filter>LocalNetworkNode\Impl</Filter>
    </ClCompile>
    <ClCompile Include="LocalNetworkNode\Impl\ServerBase.cpp">
      <Filter>LocalNetworkNode\Impl</Filter>
    </ClCompile>
    <ClCompile Include="LocalNetworkNode\Impl\SocketWrapper.cpp">
      <Filter>LocalNetworkNode\Impl</Filter>
    </ClCompile>
    <ClCompile Include="LocalNetworkNode\Impl\TCPClient.cpp">
      <Filter>LocalNetworkNode\Impl</Filter>
    </ClCompile>
    <ClCompile Include="LocalNetworkNode\Impl\TCPServer.cpp">
      <Filter>LocalNetworkNode\Impl</Filter>
    </ClCompile>
    <ClCompile Include="LocalNetworkNode\Impl\UDPClient.cpp">
      <Filter>LocalNetworkNode\Impl</Filter>
    </ClCompile>
    <ClCompile Include="LocalNetworkNode\Impl\UDPServer.cpp">
      <Filter>LocalNetworkNode\Impl</Filter>
    </ClCompile>
    <ClCompile Include="CommLib\CommLibInterface.cpp">
      <Filter>CommLib</Filter>
    </ClCompile>
    <ClCompile Include="CommLib\FrameSliceConsumer.cpp">
      <Filter>CommLib</Filter>
    </ClCompile>
    <ClCompile Include="CommLib\FrameSliceGenerator.cpp">
      <Filter>CommLib</Filter>
    </ClCompile>
    <ClCompile Include="LidarSDK\AkuLidar.cpp">
      <Filter>LidarSDK</Filter>
    </ClCompile>
    <ClCompile Include="LidarSDK\CheveningSrc\BlockRingBuf.cpp">
      <Filter>LidarSDK\CheveningSrc</Filter>
    </ClCompile>
    <ClCompile Include="LidarSDK\CheveningSrc\Lidar.cpp">
      <Filter>LidarSDK\CheveningSrc</Filter>
    </ClCompile>
    <ClCompile Include="LidarSDK\CheveningSrc\LidarComm.cpp">
      <Filter>LidarSDK\CheveningSrc</Filter>
    </ClCompile>
    <ClCompile Include="LidarSDK\CheveningSrc\LidarImpl.cpp">
      <Filter>LidarSDK\CheveningSrc</Filter>
    </ClCompile>
    <ClCompile Include="LidarSDK\CheveningSrc\LidarList.cpp">
      <Filter>LidarSDK\CheveningSrc</Filter>
    </ClCompile>
    <ClCompile Include="LidarSDK\CheveningSrc\LidarProbe.cpp">
      <Filter>LidarSDK\CheveningSrc</Filter>
    </ClCompile>
    <ClCompile Include="LidarSDK\CheveningSrc\lim.cpp">
      <Filter>LidarSDK\CheveningSrc</Filter>
    </ClCompile>
    <ClCompile Include="LidarSDK\CheveningSrc\RingBuf.cpp">
      <Filter>LidarSDK\CheveningSrc</Filter>
    </ClCompile>
    <ClCompile Include="Device\DDRDeviceLidar.cpp">
      <Filter>Device</Filter>
    </ClCompile>
    <ClCompile Include="Device\DDRDeviceIMU.cpp">
      <Filter>Device</Filter>
    </ClCompile>
    <ClCompile Include="Device\DDRDeviceMotor.cpp">
      <Filter>Device</Filter>
    </ClCompile>
    <ClCompile Include="Device\DeviceManager.cpp">
      <Filter>Device</Filter>
    </ClCompile>
    <ClCompile Include="LidarSDK\SickSDK\SickLidar.cpp">
      <Filter>LidarSDK\SickSDK</Filter>
    </ClCompile>
    <ClCompile Include="Device\DDRDeviceEmbStatus.cpp">
      <Filter>Device</Filter>
    </ClCompile>
    <ClCompile Include="Device\DDRDeviceGnss.cpp">
      <Filter>Device</Filter>
    </ClCompile>
    <ClCompile Include="Device\DDRDeviceChargingRelated.cpp">
      <Filter>Device</Filter>
    </ClCompile>
    <ClCompile Include="Device\DDRDeviceEnvironment.cpp">
      <Filter>Device</Filter>
    </ClCompile>
    <ClCompile Include="Device\OffsetCorrector.cpp">
      <Filter>Device</Filter>
    </ClCompile>
    <ClCompile Include="Device\DDRDeviceControlMoveNormal.cpp">
      <Filter>Device</Filter>
    </ClCompile>
    <ClCompile Include="Device\IMUWheelConverter.cpp">
      <Filter>Device</Filter>
    </ClCompile>
    <ClCompile Include="CommPublicFun\CommPublicFun.cpp">
      <Filter>CommPublicFun</Filter>
    </ClCompile>
    <ClCompile Include="..\..\..\..\Shared\thirdparty\cppfs\source\AbstractFileHandleBackend.cpp">
      <Filter>Shared\Thirdparty\cppfs</Filter>
    </ClCompile>
    <ClCompile Include="..\..\..\..\Shared\thirdparty\cppfs\source\AbstractFileIteratorBackend.cpp">
      <Filter>Shared\Thirdparty\cppfs</Filter>
    </ClCompile>
    <ClCompile Include="..\..\..\..\Shared\thirdparty\cppfs\source\AbstractFileSystem.cpp">
      <Filter>Shared\Thirdparty\cppfs</Filter>
    </ClCompile>
    <ClCompile Include="..\..\..\..\Shared\thirdparty\cppfs\source\Change.cpp">
      <Filter>Shared\Thirdparty\cppfs</Filter>
    </ClCompile>
    <ClCompile Include="..\..\..\..\Shared\thirdparty\cppfs\source\cppfsUrl.cpp">
      <Filter>Shared\Thirdparty\cppfs</Filter>
    </ClCompile>
    <ClCompile Include="..\..\..\..\Shared\thirdparty\cppfs\source\Diff.cpp">
      <Filter>Shared\Thirdparty\cppfs</Filter>
    </ClCompile>
    <ClCompile Include="..\..\..\..\Shared\thirdparty\cppfs\source\FileHandle.cpp">
      <Filter>Shared\Thirdparty\cppfs</Filter>
    </ClCompile>
    <ClCompile Include="..\..\..\..\Shared\thirdparty\cppfs\source\FileIterator.cpp">
      <Filter>Shared\Thirdparty\cppfs</Filter>
    </ClCompile>
    <ClCompile Include="..\..\..\..\Shared\thirdparty\cppfs\source\FilePath.cpp">
      <Filter>Shared\Thirdparty\cppfs</Filter>
    </ClCompile>
    <ClCompile Include="..\..\..\..\Shared\thirdparty\cppfs\source\FileVisitor.cpp">
      <Filter>Shared\Thirdparty\cppfs</Filter>
    </ClCompile>
    <ClCompile Include="..\..\..\..\Shared\thirdparty\cppfs\source\fs.cpp">
      <Filter>Shared\Thirdparty\cppfs</Filter>
    </ClCompile>
    <ClCompile Include="..\..\..\..\Shared\thirdparty\cppfs\source\FunctionalFileVisitor.cpp">
      <Filter>Shared\Thirdparty\cppfs</Filter>
    </ClCompile>
    <ClCompile Include="..\..\..\..\Shared\thirdparty\cppfs\source\InputStream.cpp">
      <Filter>Shared\Thirdparty\cppfs</Filter>
    </ClCompile>
    <ClCompile Include="..\..\..\..\Shared\thirdparty\cppfs\source\LoginCredentials.cpp">
      <Filter>Shared\Thirdparty\cppfs</Filter>
    </ClCompile>
    <ClCompile Include="..\..\..\..\Shared\thirdparty\cppfs\source\OutputStream.cpp">
      <Filter>Shared\Thirdparty\cppfs</Filter>
    </ClCompile>
    <ClCompile Include="..\..\..\..\Shared\thirdparty\cppfs\source\system.cpp">
      <Filter>Shared\Thirdparty\cppfs</Filter>
    </ClCompile>
    <ClCompile Include="..\..\..\..\Shared\thirdparty\cppfs\source\Tree.cpp">
      <Filter>Shared\Thirdparty\cppfs</Filter>
    </ClCompile>
    <ClCompile Include="..\..\..\..\Shared\thirdparty\cppfs\source\windows\LocalFileHandle.cpp">
      <Filter>Shared\Thirdparty\cppfs\windows</Filter>
    </ClCompile>
    <ClCompile Include="..\..\..\..\Shared\thirdparty\cppfs\source\windows\LocalFileIterator.cpp">
      <Filter>Shared\Thirdparty\cppfs\windows</Filter>
    </ClCompile>
    <ClCompile Include="..\..\..\..\Shared\thirdparty\cppfs\source\windows\LocalFileSystem.cpp">
      <Filter>Shared\Thirdparty\cppfs\windows</Filter>
    </ClCompile>
    <ClCompile Include="..\..\..\..\Shared\src\Utility\CommonFunc.cpp">
      <Filter>Shared\utility</Filter>
    </ClCompile>
    <ClCompile Include="..\..\..\..\Shared\src\Utility\Logger.cpp">
      <Filter>Shared\utility</Filter>
    </ClCompile>
  </ItemGroup>
</Project>